
Microsoft Visual Studio Solution File, Format Version 12.00
# Visual Studio Version 17
VisualStudioVersion = 17.0.31903.59
MinimumVisualStudioVersion = 10.0.40219.1
Project("{FAE04EC0-301F-11D3-BF4B-00C04F79EFBC}") = "CF.GameEngine", "CF.GameEngine\CF.GameEngine\CF.GameEngine.csproj", "{EB00180E-1398-45CC-BCB7-C69479A5F4CA}"
EndProject
Project("{FAE04EC0-301F-11D3-BF4B-00C04F79EFBC}") = "CF.GameEngine.Infrastructure", "CF.GameEngine\CF.GameEngine.Infrastructure\CF.GameEngine.Infrastructure.csproj", "{99932703-8033-46BC-9B79-1EE4A901EEBD}"
EndProject
Project("{FAE04EC0-301F-11D3-BF4B-00C04F79EFBC}") = "CF.GameEngine.Infrastructure.SqlServer", "CF.GameEngine\CF.GameEngine.Infrastructure.SqlServer\CF.GameEngine.Infrastructure.SqlServer.csproj", "{04295890-9A66-4341-8358-91EA2C03A481}"
EndProject
Project("{2150E333-8FDC-42A3-9474-1A3956D46DE8}") = "Web", "Web", "{256F4E96-6A73-9ABE-786F-840C672A50F4}"
EndProject
Project("{FAE04EC0-301F-11D3-BF4B-00C04F79EFBC}") = "CF.GameEngine.Web.Api", "CF.GameEngine\Web\CF.GameEngine.Web.Api\CF.GameEngine.Web.Api.csproj", "{477828F1-8212-45F2-AEFD-1FFCF427144E}"
EndProject
Project("{2150E333-8FDC-42A3-9474-1A3956D46DE8}") = "IDFCR", "IDFCR", "{51BFE8C0-E48D-A708-00DE-2EB43DF8CD6F}"
EndProject
Project("{FAE04EC0-301F-11D3-BF4B-00C04F79EFBC}") = "IDFCR.Shared", "IDFCR\IDFCR.Shared\IDFCR.Shared.csproj", "{B753C415-296A-48E8-A02A-9C60D78570B1}"
EndProject
Project("{FAE04EC0-301F-11D3-BF4B-00C04F79EFBC}") = "IDFCR.Shared.EntityFramework", "IDFCR\IDFCR.Shared.EntityFramework\IDFCR.Shared.EntityFramework.csproj", "{F6D57EFD-4CC0-419F-AA93-C0FB2D808D5B}"
EndProject
Project("{FAE04EC0-301F-11D3-BF4B-00C04F79EFBC}") = "IDFCR.Shared.Http", "IDFCR\IDFCR.Shared.Http\IDFCR.Shared.Http.csproj", "{FC208316-1E86-4862-B51E-F5F84772F87B}"
EndProject
Project("{FAE04EC0-301F-11D3-BF4B-00C04F79EFBC}") = "CF.GameEngine.Shared", "CF.GameEngine\CF.GameEngine.Shared\CF.GameEngine.Shared.csproj", "{BA6565EC-0E1E-4041-B40E-7660C2F21493}"
EndProject
Global
	GlobalSection(SolutionConfigurationPlatforms) = preSolution
		Debug|Any CPU = Debug|Any CPU
		Debug|x64 = Debug|x64
		Debug|x86 = Debug|x86
		Release|Any CPU = Release|Any CPU
		Release|x64 = Release|x64
		Release|x86 = Release|x86
	EndGlobalSection
	GlobalSection(ProjectConfigurationPlatforms) = postSolution
		{EB00180E-1398-45CC-BCB7-C69479A5F4CA}.Debug|Any CPU.ActiveCfg = Debug|Any CPU
		{EB00180E-1398-45CC-BCB7-C69479A5F4CA}.Debug|Any CPU.Build.0 = Debug|Any CPU
		{EB00180E-1398-45CC-BCB7-C69479A5F4CA}.Debug|x64.ActiveCfg = Debug|Any CPU
		{EB00180E-1398-45CC-BCB7-C69479A5F4CA}.Debug|x64.Build.0 = Debug|Any CPU
		{EB00180E-1398-45CC-BCB7-C69479A5F4CA}.Debug|x86.ActiveCfg = Debug|Any CPU
		{EB00180E-1398-45CC-BCB7-C69479A5F4CA}.Debug|x86.Build.0 = Debug|Any CPU
		{EB00180E-1398-45CC-BCB7-C69479A5F4CA}.Release|Any CPU.ActiveCfg = Release|Any CPU
		{EB00180E-1398-45CC-BCB7-C69479A5F4CA}.Release|Any CPU.Build.0 = Release|Any CPU
		{EB00180E-1398-45CC-BCB7-C69479A5F4CA}.Release|x64.ActiveCfg = Release|Any CPU
		{EB00180E-1398-45CC-BCB7-C69479A5F4CA}.Release|x64.Build.0 = Release|Any CPU
		{EB00180E-1398-45CC-BCB7-C69479A5F4CA}.Release|x86.ActiveCfg = Release|Any CPU
		{EB00180E-1398-45CC-BCB7-C69479A5F4CA}.Release|x86.Build.0 = Release|Any CPU
		{99932703-8033-46BC-9B79-1EE4A901EEBD}.Debug|Any CPU.ActiveCfg = Debug|Any CPU
		{99932703-8033-46BC-9B79-1EE4A901EEBD}.Debug|Any CPU.Build.0 = Debug|Any CPU
		{99932703-8033-46BC-9B79-1EE4A901EEBD}.Debug|x64.ActiveCfg = Debug|Any CPU
		{99932703-8033-46BC-9B79-1EE4A901EEBD}.Debug|x64.Build.0 = Debug|Any CPU
		{99932703-8033-46BC-9B79-1EE4A901EEBD}.Debug|x86.ActiveCfg = Debug|Any CPU
		{99932703-8033-46BC-9B79-1EE4A901EEBD}.Debug|x86.Build.0 = Debug|Any CPU
		{99932703-8033-46BC-9B79-1EE4A901EEBD}.Release|Any CPU.ActiveCfg = Release|Any CPU
		{99932703-8033-46BC-9B79-1EE4A901EEBD}.Release|Any CPU.Build.0 = Release|Any CPU
		{99932703-8033-46BC-9B79-1EE4A901EEBD}.Release|x64.ActiveCfg = Release|Any CPU
		{99932703-8033-46BC-9B79-1EE4A901EEBD}.Release|x64.Build.0 = Release|Any CPU
		{99932703-8033-46BC-9B79-1EE4A901EEBD}.Release|x86.ActiveCfg = Release|Any CPU
		{99932703-8033-46BC-9B79-1EE4A901EEBD}.Release|x86.Build.0 = Release|Any CPU
		{04295890-9A66-4341-8358-91EA2C03A481}.Debug|Any CPU.ActiveCfg = Debug|Any CPU
		{04295890-9A66-4341-8358-91EA2C03A481}.Debug|Any CPU.Build.0 = Debug|Any CPU
		{04295890-9A66-4341-8358-91EA2C03A481}.Debug|x64.ActiveCfg = Debug|Any CPU
		{04295890-9A66-4341-8358-91EA2C03A481}.Debug|x64.Build.0 = Debug|Any CPU
		{04295890-9A66-4341-8358-91EA2C03A481}.Debug|x86.ActiveCfg = Debug|Any CPU
		{04295890-9A66-4341-8358-91EA2C03A481}.Debug|x86.Build.0 = Debug|Any CPU
		{04295890-9A66-4341-8358-91EA2C03A481}.Release|Any CPU.ActiveCfg = Release|Any CPU
		{04295890-9A66-4341-8358-91EA2C03A481}.Release|Any CPU.Build.0 = Release|Any CPU
		{04295890-9A66-4341-8358-91EA2C03A481}.Release|x64.ActiveCfg = Release|Any CPU
		{04295890-9A66-4341-8358-91EA2C03A481}.Release|x64.Build.0 = Release|Any CPU
		{04295890-9A66-4341-8358-91EA2C03A481}.Release|x86.ActiveCfg = Release|Any CPU
		{04295890-9A66-4341-8358-91EA2C03A481}.Release|x86.Build.0 = Release|Any CPU
		{477828F1-8212-45F2-AEFD-1FFCF427144E}.Debug|Any CPU.ActiveCfg = Debug|Any CPU
		{477828F1-8212-45F2-AEFD-1FFCF427144E}.Debug|Any CPU.Build.0 = Debug|Any CPU
		{477828F1-8212-45F2-AEFD-1FFCF427144E}.Debug|x64.ActiveCfg = Debug|Any CPU
		{477828F1-8212-45F2-AEFD-1FFCF427144E}.Debug|x64.Build.0 = Debug|Any CPU
		{477828F1-8212-45F2-AEFD-1FFCF427144E}.Debug|x86.ActiveCfg = Debug|Any CPU
		{477828F1-8212-45F2-AEFD-1FFCF427144E}.Debug|x86.Build.0 = Debug|Any CPU
		{477828F1-8212-45F2-AEFD-1FFCF427144E}.Release|Any CPU.ActiveCfg = Release|Any CPU
		{477828F1-8212-45F2-AEFD-1FFCF427144E}.Release|Any CPU.Build.0 = Release|Any CPU
		{477828F1-8212-45F2-AEFD-1FFCF427144E}.Release|x64.ActiveCfg = Release|Any CPU
		{477828F1-8212-45F2-AEFD-1FFCF427144E}.Release|x64.Build.0 = Release|Any CPU
		{477828F1-8212-45F2-AEFD-1FFCF427144E}.Release|x86.ActiveCfg = Release|Any CPU
		{477828F1-8212-45F2-AEFD-1FFCF427144E}.Release|x86.Build.0 = Release|Any CPU
		{B753C415-296A-48E8-A02A-9C60D78570B1}.Debug|Any CPU.ActiveCfg = Debug|Any CPU
		{B753C415-296A-48E8-A02A-9C60D78570B1}.Debug|Any CPU.Build.0 = Debug|Any CPU
		{B753C415-296A-48E8-A02A-9C60D78570B1}.Debug|x64.ActiveCfg = Debug|Any CPU
		{B753C415-296A-48E8-A02A-9C60D78570B1}.Debug|x64.Build.0 = Debug|Any CPU
		{B753C415-296A-48E8-A02A-9C60D78570B1}.Debug|x86.ActiveCfg = Debug|Any CPU
		{B753C415-296A-48E8-A02A-9C60D78570B1}.Debug|x86.Build.0 = Debug|Any CPU
		{B753C415-296A-48E8-A02A-9C60D78570B1}.Release|Any CPU.ActiveCfg = Release|Any CPU
		{B753C415-296A-48E8-A02A-9C60D78570B1}.Release|Any CPU.Build.0 = Release|Any CPU
		{B753C415-296A-48E8-A02A-9C60D78570B1}.Release|x64.ActiveCfg = Release|Any CPU
		{B753C415-296A-48E8-A02A-9C60D78570B1}.Release|x64.Build.0 = Release|Any CPU
		{B753C415-296A-48E8-A02A-9C60D78570B1}.Release|x86.ActiveCfg = Release|Any CPU
		{B753C415-296A-48E8-A02A-9C60D78570B1}.Release|x86.Build.0 = Release|Any CPU
		{F6D57EFD-4CC0-419F-AA93-C0FB2D808D5B}.Debug|Any CPU.ActiveCfg = Debug|Any CPU
		{F6D57EFD-4CC0-419F-AA93-C0FB2D808D5B}.Debug|Any CPU.Build.0 = Debug|Any CPU
		{F6D57EFD-4CC0-419F-AA93-C0FB2D808D5B}.Debug|x64.ActiveCfg = Debug|Any CPU
		{F6D57EFD-4CC0-419F-AA93-C0FB2D808D5B}.Debug|x64.Build.0 = Debug|Any CPU
		{F6D57EFD-4CC0-419F-AA93-C0FB2D808D5B}.Debug|x86.ActiveCfg = Debug|Any CPU
		{F6D57EFD-4CC0-419F-AA93-C0FB2D808D5B}.Debug|x86.Build.0 = Debug|Any CPU
		{F6D57EFD-4CC0-419F-AA93-C0FB2D808D5B}.Release|Any CPU.ActiveCfg = Release|Any CPU
		{F6D57EFD-4CC0-419F-AA93-C0FB2D808D5B}.Release|Any CPU.Build.0 = Release|Any CPU
		{F6D57EFD-4CC0-419F-AA93-C0FB2D808D5B}.Release|x64.ActiveCfg = Release|Any CPU
		{F6D57EFD-4CC0-419F-AA93-C0FB2D808D5B}.Release|x64.Build.0 = Release|Any CPU
		{F6D57EFD-4CC0-419F-AA93-C0FB2D808D5B}.Release|x86.ActiveCfg = Release|Any CPU
		{F6D57EFD-4CC0-419F-AA93-C0FB2D808D5B}.Release|x86.Build.0 = Release|Any CPU
		{FC208316-1E86-4862-B51E-F5F84772F87B}.Debug|Any CPU.ActiveCfg = Debug|Any CPU
		{FC208316-1E86-4862-B51E-F5F84772F87B}.Debug|Any CPU.Build.0 = Debug|Any CPU
		{FC208316-1E86-4862-B51E-F5F84772F87B}.Debug|x64.ActiveCfg = Debug|Any CPU
		{FC208316-1E86-4862-B51E-F5F84772F87B}.Debug|x64.Build.0 = Debug|Any CPU
		{FC208316-1E86-4862-B51E-F5F84772F87B}.Debug|x86.ActiveCfg = Debug|Any CPU
		{FC208316-1E86-4862-B51E-F5F84772F87B}.Debug|x86.Build.0 = Debug|Any CPU
		{FC208316-1E86-4862-B51E-F5F84772F87B}.Release|Any CPU.ActiveCfg = Release|Any CPU
		{FC208316-1E86-4862-B51E-F5F84772F87B}.Release|Any CPU.Build.0 = Release|Any CPU
		{FC208316-1E86-4862-B51E-F5F84772F87B}.Release|x64.ActiveCfg = Release|Any CPU
		{FC208316-1E86-4862-B51E-F5F84772F87B}.Release|x64.Build.0 = Release|Any CPU
		{FC208316-1E86-4862-B51E-F5F84772F87B}.Release|x86.ActiveCfg = Release|Any CPU
		{FC208316-1E86-4862-B51E-F5F84772F87B}.Release|x86.Build.0 = Release|Any CPU
		{BA6565EC-0E1E-4041-B40E-7660C2F21493}.Debug|Any CPU.ActiveCfg = Debug|Any CPU
		{BA6565EC-0E1E-4041-B40E-7660C2F21493}.Debug|Any CPU.Build.0 = Debug|Any CPU
		{BA6565EC-0E1E-4041-B40E-7660C2F21493}.Debug|x64.ActiveCfg = Debug|Any CPU
		{BA6565EC-0E1E-4041-B40E-7660C2F21493}.Debug|x64.Build.0 = Debug|Any CPU
		{BA6565EC-0E1E-4041-B40E-7660C2F21493}.Debug|x86.ActiveCfg = Debug|Any CPU
		{BA6565EC-0E1E-4041-B40E-7660C2F21493}.Debug|x86.Build.0 = Debug|Any CPU
		{BA6565EC-0E1E-4041-B40E-7660C2F21493}.Release|Any CPU.ActiveCfg = Release|Any CPU
		{BA6565EC-0E1E-4041-B40E-7660C2F21493}.Release|Any CPU.Build.0 = Release|Any CPU
		{BA6565EC-0E1E-4041-B40E-7660C2F21493}.Release|x64.ActiveCfg = Release|Any CPU
		{BA6565EC-0E1E-4041-B40E-7660C2F21493}.Release|x64.Build.0 = Release|Any CPU
		{BA6565EC-0E1E-4041-B40E-7660C2F21493}.Release|x86.ActiveCfg = Release|Any CPU
		{BA6565EC-0E1E-4041-B40E-7660C2F21493}.Release|x86.Build.0 = Release|Any CPU
	EndGlobalSection
	GlobalSection(SolutionProperties) = preSolution
		HideSolutionNode = FALSE
	EndGlobalSection
	GlobalSection(NestedProjects) = preSolution
		{477828F1-8212-45F2-AEFD-1FFCF427144E} = {256F4E96-6A73-9ABE-786F-840C672A50F4}
		{B753C415-296A-48E8-A02A-9C60D78570B1} = {51BFE8C0-E48D-A708-00DE-2EB43DF8CD6F}
		{F6D57EFD-4CC0-419F-AA93-C0FB2D808D5B} = {51BFE8C0-E48D-A708-00DE-2EB43DF8CD6F}
		{FC208316-1E86-4862-B51E-F5F84772F87B} = {51BFE8C0-E48D-A708-00DE-2EB43DF8CD6F}
	EndGlobalSection
EndGlobal
