
Microsoft Visual Studio Solution File, Format Version 12.00
# Visual Studio Version 17
VisualStudioVersion = 17.0.31903.59
MinimumVisualStudioVersion = 10.0.40219.1
Project("{FAE04EC0-301F-11D3-BF4B-00C04F79EFBC}") = "CF.Identity", "CF.Identity\CF.Identity.csproj", "{01091BBC-AF44-4BAC-83F9-5831FBD7AFA9}"
EndProject
Project("{FAE04EC0-301F-11D3-BF4B-00C04F79EFBC}") = "CF.Identity.Api", "CF.Identity.Api\CF.Identity.Api.csproj", "{3A6A14D5-F297-4A22-A0B6-5B95BEC26964}"
EndProject
Project("{FAE04EC0-301F-11D3-BF4B-00C04F79EFBC}") = "CF.Identity.Infrastructure", "CF.Identity.Infrastructure\CF.Identity.Infrastructure.csproj", "{25EB9931-969A-4C99-BF0C-5291950ADB5B}"
EndProject
Project("{FAE04EC0-301F-11D3-BF4B-00C04F79EFBC}") = "CF.Identity.Infrastructure.SqlServer", "CF.Identity.Infrastructure.SqlServer\CF.Identity.Infrastructure.SqlServer.csproj", "{6CBADE45-6727-438A-BD79-380EF55005EC}"
EndProject
Project("{FAE04EC0-301F-11D3-BF4B-00C04F79EFBC}") = "CF.Identity.MigrationUtility", "CF.Identity.MigrationUtility\CF.Identity.MigrationUtility.csproj", "{75B8829C-3AA2-4999-B0E5-CAFC9124E927}"
EndProject
Project("{2150E333-8FDC-42A3-9474-1A3956D46DE8}") = "Solution Items", "Solution Items", "{31E0E81D-7D1D-4857-B882-77FBD897DB98}"
	ProjectSection(SolutionItems) = preProject
		.env = .env
		add-migration.ps1 = add-migration.ps1
		docker-file.yaml = docker-file.yaml
		migration-util.ps1 = migration-util.ps1
		Readme.md = Readme.md
		start-dev-sql.ps1 = start-dev-sql.ps1
		start-server.ps1 = start-server.ps1
	EndProjectSection
EndProject
Project("{FAE04EC0-301F-11D3-BF4B-00C04F79EFBC}") = "CF.Identity.Integration", "CF.Identity.Integration\CF.Identity.Integration.csproj", "{4B3EF3A0-ADBC-4C51-BFA7-BB9C402FBDA7}"
EndProject
Global
	GlobalSection(SolutionConfigurationPlatforms) = preSolution
		Debug|Any CPU = Debug|Any CPU
		Debug|x64 = Debug|x64
		Debug|x86 = Debug|x86
		Release|Any CPU = Release|Any CPU
		Release|x64 = Release|x64
		Release|x86 = Release|x86
	EndGlobalSection
	GlobalSection(ProjectConfigurationPlatforms) = postSolution
		{01091BBC-AF44-4BAC-83F9-5831FBD7AFA9}.Debug|Any CPU.ActiveCfg = Debug|Any CPU
		{01091BBC-AF44-4BAC-83F9-5831FBD7AFA9}.Debug|Any CPU.Build.0 = Debug|Any CPU
		{01091BBC-AF44-4BAC-83F9-5831FBD7AFA9}.Debug|x64.ActiveCfg = Debug|Any CPU
		{01091BBC-AF44-4BAC-83F9-5831FBD7AFA9}.Debug|x64.Build.0 = Debug|Any CPU
		{01091BBC-AF44-4BAC-83F9-5831FBD7AFA9}.Debug|x86.ActiveCfg = Debug|Any CPU
		{01091BBC-AF44-4BAC-83F9-5831FBD7AFA9}.Debug|x86.Build.0 = Debug|Any CPU
		{01091BBC-AF44-4BAC-83F9-5831FBD7AFA9}.Release|Any CPU.ActiveCfg = Release|Any CPU
		{01091BBC-AF44-4BAC-83F9-5831FBD7AFA9}.Release|Any CPU.Build.0 = Release|Any CPU
		{01091BBC-AF44-4BAC-83F9-5831FBD7AFA9}.Release|x64.ActiveCfg = Release|Any CPU
		{01091BBC-AF44-4BAC-83F9-5831FBD7AFA9}.Release|x64.Build.0 = Release|Any CPU
		{01091BBC-AF44-4BAC-83F9-5831FBD7AFA9}.Release|x86.ActiveCfg = Release|Any CPU
		{01091BBC-AF44-4BAC-83F9-5831FBD7AFA9}.Release|x86.Build.0 = Release|Any CPU
		{3A6A14D5-F297-4A22-A0B6-5B95BEC26964}.Debug|Any CPU.ActiveCfg = Debug|Any CPU
		{3A6A14D5-F297-4A22-A0B6-5B95BEC26964}.Debug|Any CPU.Build.0 = Debug|Any CPU
		{3A6A14D5-F297-4A22-A0B6-5B95BEC26964}.Debug|x64.ActiveCfg = Debug|Any CPU
		{3A6A14D5-F297-4A22-A0B6-5B95BEC26964}.Debug|x64.Build.0 = Debug|Any CPU
		{3A6A14D5-F297-4A22-A0B6-5B95BEC26964}.Debug|x86.ActiveCfg = Debug|Any CPU
		{3A6A14D5-F297-4A22-A0B6-5B95BEC26964}.Debug|x86.Build.0 = Debug|Any CPU
		{3A6A14D5-F297-4A22-A0B6-5B95BEC26964}.Release|Any CPU.ActiveCfg = Release|Any CPU
		{3A6A14D5-F297-4A22-A0B6-5B95BEC26964}.Release|Any CPU.Build.0 = Release|Any CPU
		{3A6A14D5-F297-4A22-A0B6-5B95BEC26964}.Release|x64.ActiveCfg = Release|Any CPU
		{3A6A14D5-F297-4A22-A0B6-5B95BEC26964}.Release|x64.Build.0 = Release|Any CPU
		{3A6A14D5-F297-4A22-A0B6-5B95BEC26964}.Release|x86.ActiveCfg = Release|Any CPU
		{3A6A14D5-F297-4A22-A0B6-5B95BEC26964}.Release|x86.Build.0 = Release|Any CPU
		{25EB9931-969A-4C99-BF0C-5291950ADB5B}.Debug|Any CPU.ActiveCfg = Debug|Any CPU
		{25EB9931-969A-4C99-BF0C-5291950ADB5B}.Debug|Any CPU.Build.0 = Debug|Any CPU
		{25EB9931-969A-4C99-BF0C-5291950ADB5B}.Debug|x64.ActiveCfg = Debug|Any CPU
		{25EB9931-969A-4C99-BF0C-5291950ADB5B}.Debug|x64.Build.0 = Debug|Any CPU
		{25EB9931-969A-4C99-BF0C-5291950ADB5B}.Debug|x86.ActiveCfg = Debug|Any CPU
		{25EB9931-969A-4C99-BF0C-5291950ADB5B}.Debug|x86.Build.0 = Debug|Any CPU
		{25EB9931-969A-4C99-BF0C-5291950ADB5B}.Release|Any CPU.ActiveCfg = Release|Any CPU
		{25EB9931-969A-4C99-BF0C-5291950ADB5B}.Release|Any CPU.Build.0 = Release|Any CPU
		{25EB9931-969A-4C99-BF0C-5291950ADB5B}.Release|x64.ActiveCfg = Release|Any CPU
		{25EB9931-969A-4C99-BF0C-5291950ADB5B}.Release|x64.Build.0 = Release|Any CPU
		{25EB9931-969A-4C99-BF0C-5291950ADB5B}.Release|x86.ActiveCfg = Release|Any CPU
		{25EB9931-969A-4C99-BF0C-5291950ADB5B}.Release|x86.Build.0 = Release|Any CPU
		{6CBADE45-6727-438A-BD79-380EF55005EC}.Debug|Any CPU.ActiveCfg = Debug|Any CPU
		{6CBADE45-6727-438A-BD79-380EF55005EC}.Debug|Any CPU.Build.0 = Debug|Any CPU
		{6CBADE45-6727-438A-BD79-380EF55005EC}.Debug|x64.ActiveCfg = Debug|Any CPU
		{6CBADE45-6727-438A-BD79-380EF55005EC}.Debug|x64.Build.0 = Debug|Any CPU
		{6CBADE45-6727-438A-BD79-380EF55005EC}.Debug|x86.ActiveCfg = Debug|Any CPU
		{6CBADE45-6727-438A-BD79-380EF55005EC}.Debug|x86.Build.0 = Debug|Any CPU
		{6CBADE45-6727-438A-BD79-380EF55005EC}.Release|Any CPU.ActiveCfg = Release|Any CPU
		{6CBADE45-6727-438A-BD79-380EF55005EC}.Release|Any CPU.Build.0 = Release|Any CPU
		{6CBADE45-6727-438A-BD79-380EF55005EC}.Release|x64.ActiveCfg = Release|Any CPU
		{6CBADE45-6727-438A-BD79-380EF55005EC}.Release|x64.Build.0 = Release|Any CPU
		{6CBADE45-6727-438A-BD79-380EF55005EC}.Release|x86.ActiveCfg = Release|Any CPU
		{6CBADE45-6727-438A-BD79-380EF55005EC}.Release|x86.Build.0 = Release|Any CPU
		{75B8829C-3AA2-4999-B0E5-CAFC9124E927}.Debug|Any CPU.ActiveCfg = Debug|Any CPU
		{75B8829C-3AA2-4999-B0E5-CAFC9124E927}.Debug|Any CPU.Build.0 = Debug|Any CPU
		{75B8829C-3AA2-4999-B0E5-CAFC9124E927}.Debug|x64.ActiveCfg = Debug|Any CPU
		{75B8829C-3AA2-4999-B0E5-CAFC9124E927}.Debug|x64.Build.0 = Debug|Any CPU
		{75B8829C-3AA2-4999-B0E5-CAFC9124E927}.Debug|x86.ActiveCfg = Debug|Any CPU
		{75B8829C-3AA2-4999-B0E5-CAFC9124E927}.Debug|x86.Build.0 = Debug|Any CPU
		{75B8829C-3AA2-4999-B0E5-CAFC9124E927}.Release|Any CPU.ActiveCfg = Release|Any CPU
		{75B8829C-3AA2-4999-B0E5-CAFC9124E927}.Release|Any CPU.Build.0 = Release|Any CPU
		{75B8829C-3AA2-4999-B0E5-CAFC9124E927}.Release|x64.ActiveCfg = Release|Any CPU
		{75B8829C-3AA2-4999-B0E5-CAFC9124E927}.Release|x64.Build.0 = Release|Any CPU
		{75B8829C-3AA2-4999-B0E5-CAFC9124E927}.Release|x86.ActiveCfg = Release|Any CPU
		{75B8829C-3AA2-4999-B0E5-CAFC9124E927}.Release|x86.Build.0 = Release|Any CPU
		{4B3EF3A0-ADBC-4C51-BFA7-BB9C402FBDA7}.Debug|Any CPU.ActiveCfg = Debug|Any CPU
		{4B3EF3A0-ADBC-4C51-BFA7-BB9C402FBDA7}.Debug|Any CPU.Build.0 = Debug|Any CPU
		{4B3EF3A0-ADBC-4C51-BFA7-BB9C402FBDA7}.Debug|x64.ActiveCfg = Debug|Any CPU
		{4B3EF3A0-ADBC-4C51-BFA7-BB9C402FBDA7}.Debug|x64.Build.0 = Debug|Any CPU
		{4B3EF3A0-ADBC-4C51-BFA7-BB9C402FBDA7}.Debug|x86.ActiveCfg = Debug|Any CPU
		{4B3EF3A0-ADBC-4C51-BFA7-BB9C402FBDA7}.Debug|x86.Build.0 = Debug|Any CPU
		{4B3EF3A0-ADBC-4C51-BFA7-BB9C402FBDA7}.Release|Any CPU.ActiveCfg = Release|Any CPU
		{4B3EF3A0-ADBC-4C51-BFA7-BB9C402FBDA7}.Release|Any CPU.Build.0 = Release|Any CPU
		{4B3EF3A0-ADBC-4C51-BFA7-BB9C402FBDA7}.Release|x64.ActiveCfg = Release|Any CPU
		{4B3EF3A0-ADBC-4C51-BFA7-BB9C402FBDA7}.Release|x64.Build.0 = Release|Any CPU
		{4B3EF3A0-ADBC-4C51-BFA7-BB9C402FBDA7}.Release|x86.ActiveCfg = Release|Any CPU
		{4B3EF3A0-ADBC-4C51-BFA7-BB9C402FBDA7}.Release|x86.Build.0 = Release|Any CPU
	EndGlobalSection
	GlobalSection(SolutionProperties) = preSolution
		HideSolutionNode = FALSE
	EndGlobalSection
	GlobalSection(ExtensibilityGlobals) = postSolution
		SolutionGuid = {E0DA9948-DCEC-49C8-BD4E-54CDADD470E8}
	EndGlobalSection
EndGlobal
